
Microsoft Visual Studio Solution File, Format Version 12.00
# Visual Studio Version 17
VisualStudioVersion = 17.6.33829.357
MinimumVisualStudioVersion = 10.0.40219.1
Project("{9A19103F-16F7-4668-BE54-9A1E7A4F7556}") = "MetBench_Client", "MetBench_Client\MetBench_Client.csproj", "{F330EDF3-7ADD-40DE-BFAE-F6B4D54ACCEC}"
EndProject
Project("{9A19103F-16F7-4668-BE54-9A1E7A4F7556}") = "MetBench_DAL", "MetBench_DAL\MetBench_DAL.csproj", "{7B95985A-6FFB-42E2-94C8-4BEE07AE9568}"
EndProject
Project("{9A19103F-16F7-4668-BE54-9A1E7A4F7556}") = "MetBench_Domain", "MetBench_Domain\MetBench_Domain.csproj", "{0E21E11B-4660-4129-BFFF-E23EABA0586C}"
EndProject
Project("{9A19103F-16F7-4668-BE54-9A1E7A4F7556}") = "MetBench_IDAL", "MetBench_IDAL\MetBench_IDAL.csproj", "{F98D3130-7918-4D0E-B6CB-A1C72E8417C9}"
EndProject
Project("{9A19103F-16F7-4668-BE54-9A1E7A4F7556}") = "MetBench_BLL", "MetBench_BLL\MetBench_BLL.csproj", "{8932CC2F-90A1-4C7B-BC7D-740E55169F9F}"
EndProject
Project("{FAE04EC0-301F-11D3-BF4B-00C04F79EFBC}") = "MetBench_SystemMT.Tests", "MetBench_SystemMT.Tests\MetBench_SystemMT.Tests.csproj", "{7A492A8E-434A-4A52-AF06-76999E6D2EFD}"
EndProject
Project("{FAE04EC0-301F-11D3-BF4B-00C04F79EFBC}") = "MetBench_BLL.Core", "MetBench_BLL.Core\MetBench_BLL.Core.csproj", "{7DD6B209-A2CC-46F7-AF52-3BC35A369E13}"
EndProject
Project("{FAE04EC0-301F-11D3-BF4B-00C04F79EFBC}") = "MetBench_Analyzers", "MetBench_Analyzers\MetBench_Analyzers.csproj", "{D7C55BC7-1D93-4E60-836B-C3DDD0FD47D4}"
EndProject
Project("{FAE04EC0-301F-11D3-BF4B-00C04F79EFBC}") = "MetBench_UI.Localization", "MetBench_UI.Localization\MetBench_UI.Localization.csproj", "{F2D9F53D-BBE5-4B2D-A3A0-A64B05AF6BCA}"
EndProject
Project("{FAE04EC0-301F-11D3-BF4B-00C04F79EFBC}") = "MetBench_Client.Tests", "MetBench_Client.Tests\MetBench_Client.Tests.csproj", "{79B6A259-86A6-4E19-BBF7-F056AB078B24}"
EndProject
Global
	GlobalSection(SolutionConfigurationPlatforms) = preSolution
		Debug|Any CPU = Debug|Any CPU
		Debug|x64 = Debug|x64
		Debug|x86 = Debug|x86
		Release|Any CPU = Release|Any CPU
		Release|x64 = Release|x64
		Release|x86 = Release|x86
	EndGlobalSection
	GlobalSection(ProjectConfigurationPlatforms) = postSolution
		{F330EDF3-7ADD-40DE-BFAE-F6B4D54ACCEC}.Debug|Any CPU.ActiveCfg = Debug|Any CPU
		{F330EDF3-7ADD-40DE-BFAE-F6B4D54ACCEC}.Debug|Any CPU.Build.0 = Debug|Any CPU
		{F330EDF3-7ADD-40DE-BFAE-F6B4D54ACCEC}.Debug|x64.ActiveCfg = Debug|x64
		{F330EDF3-7ADD-40DE-BFAE-F6B4D54ACCEC}.Debug|x64.Build.0 = Debug|x64
		{F330EDF3-7ADD-40DE-BFAE-F6B4D54ACCEC}.Debug|x86.ActiveCfg = Debug|x86
		{F330EDF3-7ADD-40DE-BFAE-F6B4D54ACCEC}.Debug|x86.Build.0 = Debug|x86
		{F330EDF3-7ADD-40DE-BFAE-F6B4D54ACCEC}.Release|Any CPU.ActiveCfg = Release|Any CPU
		{F330EDF3-7ADD-40DE-BFAE-F6B4D54ACCEC}.Release|Any CPU.Build.0 = Release|Any CPU
		{F330EDF3-7ADD-40DE-BFAE-F6B4D54ACCEC}.Release|x64.ActiveCfg = Release|x64
		{F330EDF3-7ADD-40DE-BFAE-F6B4D54ACCEC}.Release|x64.Build.0 = Release|x64
		{F330EDF3-7ADD-40DE-BFAE-F6B4D54ACCEC}.Release|x86.ActiveCfg = Release|x86
		{F330EDF3-7ADD-40DE-BFAE-F6B4D54ACCEC}.Release|x86.Build.0 = Release|x86
		{7B95985A-6FFB-42E2-94C8-4BEE07AE9568}.Debug|Any CPU.ActiveCfg = Debug|Any CPU
		{7B95985A-6FFB-42E2-94C8-4BEE07AE9568}.Debug|Any CPU.Build.0 = Debug|Any CPU
		{7B95985A-6FFB-42E2-94C8-4BEE07AE9568}.Debug|x64.ActiveCfg = Debug|x64
		{7B95985A-6FFB-42E2-94C8-4BEE07AE9568}.Debug|x64.Build.0 = Debug|x64
		{7B95985A-6FFB-42E2-94C8-4BEE07AE9568}.Debug|x86.ActiveCfg = Debug|x86
		{7B95985A-6FFB-42E2-94C8-4BEE07AE9568}.Debug|x86.Build.0 = Debug|x86
		{7B95985A-6FFB-42E2-94C8-4BEE07AE9568}.Release|Any CPU.ActiveCfg = Release|Any CPU
		{7B95985A-6FFB-42E2-94C8-4BEE07AE9568}.Release|Any CPU.Build.0 = Release|Any CPU
		{7B95985A-6FFB-42E2-94C8-4BEE07AE9568}.Release|x64.ActiveCfg = Release|x64
		{7B95985A-6FFB-42E2-94C8-4BEE07AE9568}.Release|x64.Build.0 = Release|x64
		{7B95985A-6FFB-42E2-94C8-4BEE07AE9568}.Release|x86.ActiveCfg = Release|x86
		{7B95985A-6FFB-42E2-94C8-4BEE07AE9568}.Release|x86.Build.0 = Release|x86
		{0E21E11B-4660-4129-BFFF-E23EABA0586C}.Debug|Any CPU.ActiveCfg = Debug|Any CPU
		{0E21E11B-4660-4129-BFFF-E23EABA0586C}.Debug|Any CPU.Build.0 = Debug|Any CPU
		{0E21E11B-4660-4129-BFFF-E23EABA0586C}.Debug|x64.ActiveCfg = Debug|x64
		{0E21E11B-4660-4129-BFFF-E23EABA0586C}.Debug|x64.Build.0 = Debug|x64
		{0E21E11B-4660-4129-BFFF-E23EABA0586C}.Debug|x86.ActiveCfg = Debug|x86
		{0E21E11B-4660-4129-BFFF-E23EABA0586C}.Debug|x86.Build.0 = Debug|x86
		{0E21E11B-4660-4129-BFFF-E23EABA0586C}.Release|Any CPU.ActiveCfg = Release|Any CPU
		{0E21E11B-4660-4129-BFFF-E23EABA0586C}.Release|Any CPU.Build.0 = Release|Any CPU
		{0E21E11B-4660-4129-BFFF-E23EABA0586C}.Release|x64.ActiveCfg = Release|x64
		{0E21E11B-4660-4129-BFFF-E23EABA0586C}.Release|x64.Build.0 = Release|x64
		{0E21E11B-4660-4129-BFFF-E23EABA0586C}.Release|x86.ActiveCfg = Release|x86
		{0E21E11B-4660-4129-BFFF-E23EABA0586C}.Release|x86.Build.0 = Release|x86
		{F98D3130-7918-4D0E-B6CB-A1C72E8417C9}.Debug|Any CPU.ActiveCfg = Debug|Any CPU
		{F98D3130-7918-4D0E-B6CB-A1C72E8417C9}.Debug|Any CPU.Build.0 = Debug|Any CPU
		{F98D3130-7918-4D0E-B6CB-A1C72E8417C9}.Debug|x64.ActiveCfg = Debug|x64
		{F98D3130-7918-4D0E-B6CB-A1C72E8417C9}.Debug|x64.Build.0 = Debug|x64
		{F98D3130-7918-4D0E-B6CB-A1C72E8417C9}.Debug|x86.ActiveCfg = Debug|x86
		{F98D3130-7918-4D0E-B6CB-A1C72E8417C9}.Debug|x86.Build.0 = Debug|x86
		{F98D3130-7918-4D0E-B6CB-A1C72E8417C9}.Release|Any CPU.ActiveCfg = Release|Any CPU
		{F98D3130-7918-4D0E-B6CB-A1C72E8417C9}.Release|Any CPU.Build.0 = Release|Any CPU
		{F98D3130-7918-4D0E-B6CB-A1C72E8417C9}.Release|x64.ActiveCfg = Release|x64
		{F98D3130-7918-4D0E-B6CB-A1C72E8417C9}.Release|x64.Build.0 = Release|x64
		{F98D3130-7918-4D0E-B6CB-A1C72E8417C9}.Release|x86.ActiveCfg = Release|x86
		{F98D3130-7918-4D0E-B6CB-A1C72E8417C9}.Release|x86.Build.0 = Release|x86
		{8932CC2F-90A1-4C7B-BC7D-740E55169F9F}.Debug|Any CPU.ActiveCfg = Debug|Any CPU
		{8932CC2F-90A1-4C7B-BC7D-740E55169F9F}.Debug|Any CPU.Build.0 = Debug|Any CPU
		{8932CC2F-90A1-4C7B-BC7D-740E55169F9F}.Debug|x64.ActiveCfg = Debug|x64
		{8932CC2F-90A1-4C7B-BC7D-740E55169F9F}.Debug|x64.Build.0 = Debug|x64
		{8932CC2F-90A1-4C7B-BC7D-740E55169F9F}.Debug|x86.ActiveCfg = Debug|x86
		{8932CC2F-90A1-4C7B-BC7D-740E55169F9F}.Debug|x86.Build.0 = Debug|x86
		{8932CC2F-90A1-4C7B-BC7D-740E55169F9F}.Release|Any CPU.ActiveCfg = Release|Any CPU
		{8932CC2F-90A1-4C7B-BC7D-740E55169F9F}.Release|Any CPU.Build.0 = Release|Any CPU
		{8932CC2F-90A1-4C7B-BC7D-740E55169F9F}.Release|x64.ActiveCfg = Release|x64
		{8932CC2F-90A1-4C7B-BC7D-740E55169F9F}.Release|x64.Build.0 = Release|x64
		{8932CC2F-90A1-4C7B-BC7D-740E55169F9F}.Release|x86.ActiveCfg = Release|x86
		{8932CC2F-90A1-4C7B-BC7D-740E55169F9F}.Release|x86.Build.0 = Release|x86
		{7A492A8E-434A-4A52-AF06-76999E6D2EFD}.Debug|Any CPU.ActiveCfg = Debug|Any CPU
		{7A492A8E-434A-4A52-AF06-76999E6D2EFD}.Debug|Any CPU.Build.0 = Debug|Any CPU
		{7A492A8E-434A-4A52-AF06-76999E6D2EFD}.Debug|x64.ActiveCfg = Debug|Any CPU
		{7A492A8E-434A-4A52-AF06-76999E6D2EFD}.Debug|x64.Build.0 = Debug|Any CPU
		{7A492A8E-434A-4A52-AF06-76999E6D2EFD}.Debug|x86.ActiveCfg = Debug|Any CPU
		{7A492A8E-434A-4A52-AF06-76999E6D2EFD}.Debug|x86.Build.0 = Debug|Any CPU
		{7A492A8E-434A-4A52-AF06-76999E6D2EFD}.Release|Any CPU.ActiveCfg = Release|Any CPU
		{7A492A8E-434A-4A52-AF06-76999E6D2EFD}.Release|Any CPU.Build.0 = Release|Any CPU
		{7A492A8E-434A-4A52-AF06-76999E6D2EFD}.Release|x64.ActiveCfg = Release|Any CPU
		{7A492A8E-434A-4A52-AF06-76999E6D2EFD}.Release|x64.Build.0 = Release|Any CPU
		{7A492A8E-434A-4A52-AF06-76999E6D2EFD}.Release|x86.ActiveCfg = Release|Any CPU
		{7A492A8E-434A-4A52-AF06-76999E6D2EFD}.Release|x86.Build.0 = Release|Any CPU
		{7DD6B209-A2CC-46F7-AF52-3BC35A369E13}.Debug|Any CPU.ActiveCfg = Debug|Any CPU
		{7DD6B209-A2CC-46F7-AF52-3BC35A369E13}.Debug|Any CPU.Build.0 = Debug|Any CPU
		{7DD6B209-A2CC-46F7-AF52-3BC35A369E13}.Debug|x64.ActiveCfg = Debug|x64
		{7DD6B209-A2CC-46F7-AF52-3BC35A369E13}.Debug|x64.Build.0 = Debug|x64
		{7DD6B209-A2CC-46F7-AF52-3BC35A369E13}.Debug|x86.ActiveCfg = Debug|x86
		{7DD6B209-A2CC-46F7-AF52-3BC35A369E13}.Debug|x86.Build.0 = Debug|x86
		{7DD6B209-A2CC-46F7-AF52-3BC35A369E13}.Release|Any CPU.ActiveCfg = Release|Any CPU
		{7DD6B209-A2CC-46F7-AF52-3BC35A369E13}.Release|Any CPU.Build.0 = Release|Any CPU
		{7DD6B209-A2CC-46F7-AF52-3BC35A369E13}.Release|x64.ActiveCfg = Release|x64
		{7DD6B209-A2CC-46F7-AF52-3BC35A369E13}.Release|x64.Build.0 = Release|x64
		{7DD6B209-A2CC-46F7-AF52-3BC35A369E13}.Release|x86.ActiveCfg = Release|x86
		{7DD6B209-A2CC-46F7-AF52-3BC35A369E13}.Release|x86.Build.0 = Release|x86
		{D7C55BC7-1D93-4E60-836B-C3DDD0FD47D4}.Debug|Any CPU.ActiveCfg = Debug|Any CPU
		{D7C55BC7-1D93-4E60-836B-C3DDD0FD47D4}.Debug|Any CPU.Build.0 = Debug|Any CPU
		{D7C55BC7-1D93-4E60-836B-C3DDD0FD47D4}.Debug|x64.ActiveCfg = Debug|Any CPU
		{D7C55BC7-1D93-4E60-836B-C3DDD0FD47D4}.Debug|x64.Build.0 = Debug|Any CPU
		{D7C55BC7-1D93-4E60-836B-C3DDD0FD47D4}.Debug|x86.ActiveCfg = Debug|Any CPU
		{D7C55BC7-1D93-4E60-836B-C3DDD0FD47D4}.Debug|x86.Build.0 = Debug|Any CPU
		{D7C55BC7-1D93-4E60-836B-C3DDD0FD47D4}.Release|Any CPU.ActiveCfg = Release|Any CPU
		{D7C55BC7-1D93-4E60-836B-C3DDD0FD47D4}.Release|Any CPU.Build.0 = Release|Any CPU
		{D7C55BC7-1D93-4E60-836B-C3DDD0FD47D4}.Release|x64.ActiveCfg = Release|Any CPU
		{D7C55BC7-1D93-4E60-836B-C3DDD0FD47D4}.Release|x64.Build.0 = Release|Any CPU
		{D7C55BC7-1D93-4E60-836B-C3DDD0FD47D4}.Release|x86.ActiveCfg = Release|Any CPU
		{D7C55BC7-1D93-4E60-836B-C3DDD0FD47D4}.Release|x86.Build.0 = Release|Any CPU
		{F2D9F53D-BBE5-4B2D-A3A0-A64B05AF6BCA}.Debug|Any CPU.ActiveCfg = Debug|Any CPU
		{F2D9F53D-BBE5-4B2D-A3A0-A64B05AF6BCA}.Debug|Any CPU.Build.0 = Debug|Any CPU
		{F2D9F53D-BBE5-4B2D-A3A0-A64B05AF6BCA}.Debug|x64.ActiveCfg = Debug|Any CPU
		{F2D9F53D-BBE5-4B2D-A3A0-A64B05AF6BCA}.Debug|x64.Build.0 = Debug|Any CPU
		{F2D9F53D-BBE5-4B2D-A3A0-A64B05AF6BCA}.Debug|x86.ActiveCfg = Debug|Any CPU
		{F2D9F53D-BBE5-4B2D-A3A0-A64B05AF6BCA}.Debug|x86.Build.0 = Debug|Any CPU
		{F2D9F53D-BBE5-4B2D-A3A0-A64B05AF6BCA}.Release|Any CPU.ActiveCfg = Release|Any CPU
		{F2D9F53D-BBE5-4B2D-A3A0-A64B05AF6BCA}.Release|Any CPU.Build.0 = Release|Any CPU
		{F2D9F53D-BBE5-4B2D-A3A0-A64B05AF6BCA}.Release|x64.ActiveCfg = Release|Any CPU
		{F2D9F53D-BBE5-4B2D-A3A0-A64B05AF6BCA}.Release|x64.Build.0 = Release|Any CPU
		{F2D9F53D-BBE5-4B2D-A3A0-A64B05AF6BCA}.Release|x86.ActiveCfg = Release|Any CPU
		{F2D9F53D-BBE5-4B2D-A3A0-A64B05AF6BCA}.Release|x86.Build.0 = Release|Any CPU
		{79B6A259-86A6-4E19-BBF7-F056AB078B24}.Debug|Any CPU.ActiveCfg = Debug|Any CPU
		{79B6A259-86A6-4E19-BBF7-F056AB078B24}.Debug|Any CPU.Build.0 = Debug|Any CPU
		{79B6A259-86A6-4E19-BBF7-F056AB078B24}.Debug|x64.ActiveCfg = Debug|Any CPU
		{79B6A259-86A6-4E19-BBF7-F056AB078B24}.Debug|x64.Build.0 = Debug|Any CPU
		{79B6A259-86A6-4E19-BBF7-F056AB078B24}.Debug|x86.ActiveCfg = Debug|Any CPU
		{79B6A259-86A6-4E19-BBF7-F056AB078B24}.Debug|x86.Build.0 = Debug|Any CPU
		{79B6A259-86A6-4E19-BBF7-F056AB078B24}.Release|Any CPU.ActiveCfg = Release|Any CPU
		{79B6A259-86A6-4E19-BBF7-F056AB078B24}.Release|Any CPU.Build.0 = Release|Any CPU
		{79B6A259-86A6-4E19-BBF7-F056AB078B24}.Release|x64.ActiveCfg = Release|Any CPU
		{79B6A259-86A6-4E19-BBF7-F056AB078B24}.Release|x64.Build.0 = Release|Any CPU
		{79B6A259-86A6-4E19-BBF7-F056AB078B24}.Release|x86.ActiveCfg = Release|Any CPU
		{79B6A259-86A6-4E19-BBF7-F056AB078B24}.Release|x86.Build.0 = Release|Any CPU
	EndGlobalSection
	GlobalSection(SolutionProperties) = preSolution
		HideSolutionNode = FALSE
	EndGlobalSection
	GlobalSection(ExtensibilityGlobals) = postSolution
		SolutionGuid = {21DD270E-245E-466F-8B84-8DA2ACA14163}
	EndGlobalSection
EndGlobal
